
Microsoft Visual Studio Solution File, Format Version 12.00
# Visual Studio 15
VisualStudioVersion = 15.0.27130.2020
MinimumVisualStudioVersion = 10.0.40219.1
Project("{8BC9CEB8-8B4A-11D0-8D11-00A0C91BC942}") = "SPEngine", "SPEngine\SPEngine.vcxproj", "{B5C2AA33-A9E7-4CB2-9E53-5605AA97E70D}"
	ProjectSection(ProjectDependencies) = postProject
		{10EDEEA4-5D83-44AB-A9B8-6B3DD1F7D541} = {10EDEEA4-5D83-44AB-A9B8-6B3DD1F7D541}
		{7563F7FB-43E4-4337-811E-CAE9F35616D3} = {7563F7FB-43E4-4337-811E-CAE9F35616D3}
	EndProjectSection
EndProject
Project("{8BC9CEB8-8B4A-11D0-8D11-00A0C91BC942}") = "Allocator", "Allocator\Allocator.vcxproj", "{7563F7FB-43E4-4337-811E-CAE9F35616D3}"
	ProjectSection(ProjectDependencies) = postProject
		{10EDEEA4-5D83-44AB-A9B8-6B3DD1F7D541} = {10EDEEA4-5D83-44AB-A9B8-6B3DD1F7D541}
	EndProjectSection
EndProject
Project("{8BC9CEB8-8B4A-11D0-8D11-00A0C91BC942}") = "Types", "Types\Types.vcxproj", "{10EDEEA4-5D83-44AB-A9B8-6B3DD1F7D541}"
EndProject
Global
	GlobalSection(SolutionConfigurationPlatforms) = preSolution
		Debug|x64 = Debug|x64
		Debug|x86 = Debug|x86
		Release|x64 = Release|x64
		Release|x86 = Release|x86
		Wumbo|x64 = Wumbo|x64
		Wumbo|x86 = Wumbo|x86
	EndGlobalSection
	GlobalSection(ProjectConfigurationPlatforms) = postSolution
		{B5C2AA33-A9E7-4CB2-9E53-5605AA97E70D}.Debug|x64.ActiveCfg = Debug|x64
		{B5C2AA33-A9E7-4CB2-9E53-5605AA97E70D}.Debug|x64.Build.0 = Debug|x64
		{B5C2AA33-A9E7-4CB2-9E53-5605AA97E70D}.Debug|x86.ActiveCfg = Debug|Win32
		{B5C2AA33-A9E7-4CB2-9E53-5605AA97E70D}.Debug|x86.Build.0 = Debug|Win32
		{B5C2AA33-A9E7-4CB2-9E53-5605AA97E70D}.Release|x64.ActiveCfg = Release|x64
		{B5C2AA33-A9E7-4CB2-9E53-5605AA97E70D}.Release|x64.Build.0 = Release|x64
		{B5C2AA33-A9E7-4CB2-9E53-5605AA97E70D}.Release|x86.ActiveCfg = Release|Win32
		{B5C2AA33-A9E7-4CB2-9E53-5605AA97E70D}.Release|x86.Build.0 = Release|Win32
		{B5C2AA33-A9E7-4CB2-9E53-5605AA97E70D}.Wumbo|x64.ActiveCfg = Debug|x64
		{B5C2AA33-A9E7-4CB2-9E53-5605AA97E70D}.Wumbo|x64.Build.0 = Debug|x64
		{B5C2AA33-A9E7-4CB2-9E53-5605AA97E70D}.Wumbo|x86.ActiveCfg = Release|Win32
		{B5C2AA33-A9E7-4CB2-9E53-5605AA97E70D}.Wumbo|x86.Build.0 = Release|Win32
		{7563F7FB-43E4-4337-811E-CAE9F35616D3}.Debug|x64.ActiveCfg = Debug|x64
		{7563F7FB-43E4-4337-811E-CAE9F35616D3}.Debug|x64.Build.0 = Debug|x64
		{7563F7FB-43E4-4337-811E-CAE9F35616D3}.Debug|x64.Deploy.0 = Debug|x64
		{7563F7FB-43E4-4337-811E-CAE9F35616D3}.Debug|x86.ActiveCfg = Debug|Win32
		{7563F7FB-43E4-4337-811E-CAE9F35616D3}.Debug|x86.Build.0 = Debug|Win32
		{7563F7FB-43E4-4337-811E-CAE9F35616D3}.Debug|x86.Deploy.0 = Debug|Win32
		{7563F7FB-43E4-4337-811E-CAE9F35616D3}.Release|x64.ActiveCfg = Release|x64
		{7563F7FB-43E4-4337-811E-CAE9F35616D3}.Release|x64.Build.0 = Release|x64
		{7563F7FB-43E4-4337-811E-CAE9F35616D3}.Release|x86.ActiveCfg = Release|Win32
		{7563F7FB-43E4-4337-811E-CAE9F35616D3}.Release|x86.Build.0 = Release|Win32
		{7563F7FB-43E4-4337-811E-CAE9F35616D3}.Release|x86.Deploy.0 = Release|Win32
		{7563F7FB-43E4-4337-811E-CAE9F35616D3}.Wumbo|x64.ActiveCfg = Debug|x64
		{7563F7FB-43E4-4337-811E-CAE9F35616D3}.Wumbo|x64.Build.0 = Debug|x64
		{7563F7FB-43E4-4337-811E-CAE9F35616D3}.Wumbo|x86.ActiveCfg = Release|Win32
		{7563F7FB-43E4-4337-811E-CAE9F35616D3}.Wumbo|x86.Build.0 = Release|Win32
		{7563F7FB-43E4-4337-811E-CAE9F35616D3}.Wumbo|x86.Deploy.0 = Release|Win32
		{10EDEEA4-5D83-44AB-A9B8-6B3DD1F7D541}.Debug|x64.ActiveCfg = Debug|x64
		{10EDEEA4-5D83-44AB-A9B8-6B3DD1F7D541}.Debug|x64.Build.0 = Debug|x64
		{10EDEEA4-5D83-44AB-A9B8-6B3DD1F7D541}.Debug|x64.Deploy.0 = Debug|x64
		{10EDEEA4-5D83-44AB-A9B8-6B3DD1F7D541}.Debug|x86.ActiveCfg = Debug|Win32
		{10EDEEA4-5D83-44AB-A9B8-6B3DD1F7D541}.Debug|x86.Build.0 = Debug|Win32
		{10EDEEA4-5D83-44AB-A9B8-6B3DD1F7D541}.Debug|x86.Deploy.0 = Debug|Win32
		{10EDEEA4-5D83-44AB-A9B8-6B3DD1F7D541}.Release|x64.ActiveCfg = Release|x64
		{10EDEEA4-5D83-44AB-A9B8-6B3DD1F7D541}.Release|x64.Build.0 = Release|x64
		{10EDEEA4-5D83-44AB-A9B8-6B3DD1F7D541}.Release|x86.ActiveCfg = Release|Win32
		{10EDEEA4-5D83-44AB-A9B8-6B3DD1F7D541}.Release|x86.Build.0 = Release|Win32
		{10EDEEA4-5D83-44AB-A9B8-6B3DD1F7D541}.Release|x86.Deploy.0 = Release|Win32
		{10EDEEA4-5D83-44AB-A9B8-6B3DD1F7D541}.Wumbo|x64.ActiveCfg = Debug|x64
		{10EDEEA4-5D83-44AB-A9B8-6B3DD1F7D541}.Wumbo|x64.Build.0 = Debug|x64
		{10EDEEA4-5D83-44AB-A9B8-6B3DD1F7D541}.Wumbo|x86.ActiveCfg = Release|Win32
		{10EDEEA4-5D83-44AB-A9B8-6B3DD1F7D541}.Wumbo|x86.Build.0 = Release|Win32
		{10EDEEA4-5D83-44AB-A9B8-6B3DD1F7D541}.Wumbo|x86.Deploy.0 = Release|Win32
	EndGlobalSection
	GlobalSection(SolutionProperties) = preSolution
		HideSolutionNode = FALSE
	EndGlobalSection
	GlobalSection(ExtensibilityGlobals) = postSolution
		SolutionGuid = {A222B741-EA06-43B1-BF92-EBA2EE27BEBE}
	EndGlobalSection
EndGlobal
